
Microsoft Visual Studio Solution File, Format Version 12.00
# Visual Studio 14
VisualStudioVersion = 14.0.25123.0
MinimumVisualStudioVersion = 10.0.40219.1
Project("{FAE04EC0-301F-11D3-BF4B-00C04F79EFBC}") = "CodeAcademy.TaskManagement.WebApp", "CodeAcademy.TaskManagement.WebApp\CodeAcademy.TaskManagement.WebApp.csproj", "{07DAB602-8A07-448F-BA95-F32F23C7B1D2}"
EndProject
Project("{FAE04EC0-301F-11D3-BF4B-00C04F79EFBC}") = "CodeAcademy.TaskManagement.Domain.Entities", "CodeAcademy.TaskManagement.Domain.Entities\CodeAcademy.TaskManagement.Domain.Entities.csproj", "{CD0E218E-1677-442F-99A3-D89FF38637EA}"
EndProject
Project("{FAE04EC0-301F-11D3-BF4B-00C04F79EFBC}") = "CodeAcademy.TaskManagement.RepositoryEF", "CodeAcademy.TaskManagement.RepositoryEF\CodeAcademy.TaskManagement.RepositoryEF.csproj", "{9D366100-766B-4048-8796-764A9DBD0A08}"
EndProject
Project("{FAE04EC0-301F-11D3-BF4B-00C04F79EFBC}") = "CodeAcademy.TaskManagement.Domain.Interfaces", "CodeAcademy.TaskManagement.Domain.Interfaces\CodeAcademy.TaskManagement.Domain.Interfaces.csproj", "{4F9132FE-13E6-4186-B8AB-57AE8C704070}"
EndProject
Project("{FAE04EC0-301F-11D3-BF4B-00C04F79EFBC}") = "TasksListAjaxjQueryApp", "TasksListAjaxjQueryApp\TasksListAjaxjQueryApp.csproj", "{C633F038-23BC-4AF9-B8B2-0CA474FEE8B5}"
EndProject
Global
	GlobalSection(SolutionConfigurationPlatforms) = preSolution
		Debug|Any CPU = Debug|Any CPU
		Release|Any CPU = Release|Any CPU
	EndGlobalSection
	GlobalSection(ProjectConfigurationPlatforms) = postSolution
		{07DAB602-8A07-448F-BA95-F32F23C7B1D2}.Debug|Any CPU.ActiveCfg = Debug|Any CPU
		{07DAB602-8A07-448F-BA95-F32F23C7B1D2}.Debug|Any CPU.Build.0 = Debug|Any CPU
		{07DAB602-8A07-448F-BA95-F32F23C7B1D2}.Release|Any CPU.ActiveCfg = Release|Any CPU
		{07DAB602-8A07-448F-BA95-F32F23C7B1D2}.Release|Any CPU.Build.0 = Release|Any CPU
		{CD0E218E-1677-442F-99A3-D89FF38637EA}.Debug|Any CPU.ActiveCfg = Debug|Any CPU
		{CD0E218E-1677-442F-99A3-D89FF38637EA}.Debug|Any CPU.Build.0 = Debug|Any CPU
		{CD0E218E-1677-442F-99A3-D89FF38637EA}.Release|Any CPU.ActiveCfg = Release|Any CPU
		{CD0E218E-1677-442F-99A3-D89FF38637EA}.Release|Any CPU.Build.0 = Release|Any CPU
		{9D366100-766B-4048-8796-764A9DBD0A08}.Debug|Any CPU.ActiveCfg = Debug|Any CPU
		{9D366100-766B-4048-8796-764A9DBD0A08}.Debug|Any CPU.Build.0 = Debug|Any CPU
		{9D366100-766B-4048-8796-764A9DBD0A08}.Release|Any CPU.ActiveCfg = Release|Any CPU
		{9D366100-766B-4048-8796-764A9DBD0A08}.Release|Any CPU.Build.0 = Release|Any CPU
		{4F9132FE-13E6-4186-B8AB-57AE8C704070}.Debug|Any CPU.ActiveCfg = Debug|Any CPU
		{4F9132FE-13E6-4186-B8AB-57AE8C704070}.Debug|Any CPU.Build.0 = Debug|Any CPU
		{4F9132FE-13E6-4186-B8AB-57AE8C704070}.Release|Any CPU.ActiveCfg = Release|Any CPU
		{4F9132FE-13E6-4186-B8AB-57AE8C704070}.Release|Any CPU.Build.0 = Release|Any CPU
		{C633F038-23BC-4AF9-B8B2-0CA474FEE8B5}.Debug|Any CPU.ActiveCfg = Debug|Any CPU
		{C633F038-23BC-4AF9-B8B2-0CA474FEE8B5}.Debug|Any CPU.Build.0 = Debug|Any CPU
		{C633F038-23BC-4AF9-B8B2-0CA474FEE8B5}.Release|Any CPU.ActiveCfg = Release|Any CPU
		{C633F038-23BC-4AF9-B8B2-0CA474FEE8B5}.Release|Any CPU.Build.0 = Release|Any CPU
	EndGlobalSection
	GlobalSection(SolutionProperties) = preSolution
		HideSolutionNode = FALSE
	EndGlobalSection
EndGlobal
